// !$*UTF8*$!
{
	archiveVersion = 1;
	classes = {
	};
	objectVersion = 46;
	objects = {

/* Begin PBXBuildFile section */
		708EAA631B1D88DC00E158A4 /* main.m in Sources */ = {isa = PBXBuildFile; fileRef = 708EAA621B1D88DC00E158A4 /* main.m */; };
		708EAA661B1D88DC00E158A4 /* AppDelegate.m in Sources */ = {isa = PBXBuildFile; fileRef = 708EAA651B1D88DC00E158A4 /* AppDelegate.m */; };
		708EAA691B1D88DC00E158A4 /* ViewController.m in Sources */ = {isa = PBXBuildFile; fileRef = 708EAA681B1D88DC00E158A4 /* ViewController.m */; };
		708EAA6C1B1D88DC00E158A4 /* Main.storyboard in Resources */ = {isa = PBXBuildFile; fileRef = 708EAA6A1B1D88DC00E158A4 /* Main.storyboard */; };
		708EAA6E1B1D88DC00E158A4 /* Images.xcassets in Resources */ = {isa = PBXBuildFile; fileRef = 708EAA6D1B1D88DC00E158A4 /* Images.xcassets */; };
		708EAA711B1D88DC00E158A4 /* LaunchScreen.xib in Resources */ = {isa = PBXBuildFile; fileRef = 708EAA6F1B1D88DC00E158A4 /* LaunchScreen.xib */; };
		708EAA7D1B1D88DD00E158A4 /* iOS__Tests.m in Sources */ = {isa = PBXBuildFile; fileRef = 708EAA7C1B1D88DD00E158A4 /* iOS__Tests.m */; };
/* End PBXBuildFile section */

/* Begin PBXContainerItemProxy section */
		708EAA771B1D88DD00E158A4 /* PBXContainerItemProxy */ = {
			isa = PBXContainerItemProxy;
			containerPortal = 708EAA551B1D88DC00E158A4 /* Project object */;
			proxyType = 1;
			remoteGlobalIDString = 708EAA5C1B1D88DC00E158A4;
			remoteInfo = "iOS体验";
		};
/* End PBXContainerItemProxy section */

/* Begin PBXFileReference section */
		708EAA5D1B1D88DC00E158A4 /* iOS体验.app */ = {isa = PBXFileReference; explicitFileType = wrapper.application; includeInIndex = 0; path = "iOS体验.app"; sourceTree = BUILT_PRODUCTS_DIR; };
		708EAA611B1D88DC00E158A4 /* Info.plist */ = {isa = PBXFileReference; lastKnownFileType = text.plist.xml; path = Info.plist; sourceTree = "<group>"; };
		708EAA621B1D88DC00E158A4 /* main.m */ = {isa = PBXFileReference; lastKnownFileType = sourcecode.c.objc; path = main.m; sourceTree = "<group>"; };
		708EAA641B1D88DC00E158A4 /* AppDelegate.h */ = {isa = PBXFileReference; lastKnownFileType = sourcecode.c.h; path = AppDelegate.h; sourceTree = "<group>"; };
		708EAA651B1D88DC00E158A4 /* AppDelegate.m */ = {isa = PBXFileReference; lastKnownFileType = sourcecode.c.objc; path = AppDelegate.m; sourceTree = "<group>"; };
		708EAA671B1D88DC00E158A4 /* ViewController.h */ = {isa = PBXFileReference; lastKnownFileType = sourcecode.c.h; path = ViewController.h; sourceTree = "<group>"; };
		708EAA681B1D88DC00E158A4 /* ViewController.m */ = {isa = PBXFileReference; lastKnownFileType = sourcecode.c.objc; path = ViewController.m; sourceTree = "<group>"; };
		708EAA6B1B1D88DC00E158A4 /* Base */ = {isa = PBXFileReference; lastKnownFileType = file.storyboard; name = Base; path = Base.lproj/Main.storyboard; sourceTree = "<group>"; };
		708EAA6D1B1D88DC00E158A4 /* Images.xcassets */ = {isa = PBXFileReference; lastKnownFileType = folder.assetcatalog; path = Images.xcassets; sourceTree = "<group>"; };
		708EAA701B1D88DC00E158A4 /* Base */ = {isa = PBXFileReference; lastKnownFileType = file.xib; name = Base; path = Base.lproj/LaunchScreen.xib; sourceTree = "<group>"; };
		708EAA761B1D88DD00E158A4 /* iOS体验Tests.xctest */ = {isa = PBXFileReference; explicitFileType = wrapper.cfbundle; includeInIndex = 0; path = "iOS体验Tests.xctest"; sourceTree = BUILT_PRODUCTS_DIR; };
		708EAA7B1B1D88DD00E158A4 /* Info.plist */ = {isa = PBXFileReference; lastKnownFileType = text.plist.xml; path = Info.plist; sourceTree = "<group>"; };
		708EAA7C1B1D88DD00E158A4 /* iOS__Tests.m */ = {isa = PBXFileReference; lastKnownFileType = sourcecode.c.objc; path = iOS__Tests.m; sourceTree = "<group>"; };
/* End PBXFileReference section */

/* Begin PBXFrameworksBuildPhase section */
		708EAA5A1B1D88DC00E158A4 /* Frameworks */ = {
			isa = PBXFrameworksBuildPhase;
			buildActionMask = 2147483647;
			files = (
			);
			runOnlyForDeploymentPostprocessing = 0;
		};
		708EAA731B1D88DD00E158A4 /* Frameworks */ = {
			isa = PBXFrameworksBuildPhase;
			buildActionMask = 2147483647;
			files = (
			);
			runOnlyForDeploymentPostprocessing = 0;
		};
/* End PBXFrameworksBuildPhase section */

/* Begin PBXGroup section */
		708EAA541B1D88DC00E158A4 = {
			isa = PBXGroup;
			children = (
				708EAA5F1B1D88DC00E158A4 /* iOS体验 */,
				708EAA791B1D88DD00E158A4 /* iOS体验Tests */,
				708EAA5E1B1D88DC00E158A4 /* Products */,
			);
			sourceTree = "<group>";
		};
		708EAA5E1B1D88DC00E158A4 /* Products */ = {
			isa = PBXGroup;
			children = (
				708EAA5D1B1D88DC00E158A4 /* iOS体验.app */,
				708EAA761B1D88DD00E158A4 /* iOS体验Tests.xctest */,
			);
			name = Products;
			sourceTree = "<group>";
		};
		708EAA5F1B1D88DC00E158A4 /* iOS体验 */ = {
			isa = PBXGroup;
			children = (
				708EAA641B1D88DC00E158A4 /* AppDelegate.h */,
				708EAA651B1D88DC00E158A4 /* AppDelegate.m */,
				708EAA671B1D88DC00E158A4 /* ViewController.h */,
				708EAA681B1D88DC00E158A4 /* ViewController.m */,
				708EAA6A1B1D88DC00E158A4 /* Main.storyboard */,
				708EAA6D1B1D88DC00E158A4 /* Images.xcassets */,
				708EAA6F1B1D88DC00E158A4 /* LaunchScreen.xib */,
				708EAA601B1D88DC00E158A4 /* Supporting Files */,
			);
			path = "iOS体验";
			sourceTree = "<group>";
		};
		708EAA601B1D88DC00E158A4 /* Supporting Files */ = {
			isa = PBXGroup;
			children = (
				708EAA611B1D88DC00E158A4 /* Info.plist */,
				708EAA621B1D88DC00E158A4 /* main.m */,
			);
			name = "Supporting Files";
			sourceTree = "<group>";
		};
		708EAA791B1D88DD00E158A4 /* iOS体验Tests */ = {
			isa = PBXGroup;
			children = (
				708EAA7C1B1D88DD00E158A4 /* iOS__Tests.m */,
				708EAA7A1B1D88DD00E158A4 /* Supporting Files */,
			);
			path = "iOS体验Tests";
			sourceTree = "<group>";
		};
		708EAA7A1B1D88DD00E158A4 /* Supporting Files */ = {
			isa = PBXGroup;
			children = (
				708EAA7B1B1D88DD00E158A4 /* Info.plist */,
			);
			name = "Supporting Files";
			sourceTree = "<group>";
		};
/* End PBXGroup section */

/* Begin PBXNativeTarget section */
		708EAA5C1B1D88DC00E158A4 /* iOS体验 */ = {
			isa = PBXNativeTarget;
			buildConfigurationList = 708EAA801B1D88DD00E158A4 /* Build configuration list for PBXNativeTarget "iOS体验" */;
			buildPhases = (
				708EAA591B1D88DC00E158A4 /* Sources */,
				708EAA5A1B1D88DC00E158A4 /* Frameworks */,
				708EAA5B1B1D88DC00E158A4 /* Resources */,
			);
			buildRules = (
			);
			dependencies = (
			);
			name = "iOS体验";
			productName = "iOS体验";
			productReference = 708EAA5D1B1D88DC00E158A4 /* iOS体验.app */;
			productType = "com.apple.product-type.application";
		};
		708EAA751B1D88DD00E158A4 /* iOS体验Tests */ = {
			isa = PBXNativeTarget;
			buildConfigurationList = 708EAA831B1D88DD00E158A4 /* Build configuration list for PBXNativeTarget "iOS体验Tests" */;
			buildPhases = (
				708EAA721B1D88DD00E158A4 /* Sources */,
				708EAA731B1D88DD00E158A4 /* Frameworks */,
				708EAA741B1D88DD00E158A4 /* Resources */,
			);
			buildRules = (
			);
			dependencies = (
				708EAA781B1D88DD00E158A4 /* PBXTargetDependency */,
			);
			name = "iOS体验Tests";
			productName = "iOS体验Tests";
			productReference = 708EAA761B1D88DD00E158A4 /* iOS体验Tests.xctest */;
			productType = "com.apple.product-type.bundle.unit-test";
		};
/* End PBXNativeTarget section */

/* Begin PBXProject section */
		708EAA551B1D88DC00E158A4 /* Project object */ = {
			isa = PBXProject;
			attributes = {
				LastUpgradeCheck = 0630;
				ORGANIZATIONNAME = xiaomage;
				TargetAttributes = {
					708EAA5C1B1D88DC00E158A4 = {
						CreatedOnToolsVersion = 6.3.2;
					};
					708EAA751B1D88DD00E158A4 = {
						CreatedOnToolsVersion = 6.3.2;
						TestTargetID = 708EAA5C1B1D88DC00E158A4;
					};
				};
			};
			buildConfigurationList = 708EAA581B1D88DC00E158A4 /* Build configuration list for PBXProject "iOS体验" */;
			compatibilityVersion = "Xcode 3.2";
			developmentRegion = English;
			hasScannedForEncodings = 0;
			knownRegions = (
				en,
				Base,
			);
			mainGroup = 708EAA541B1D88DC00E158A4;
			productRefGroup = 708EAA5E1B1D88DC00E158A4 /* Products */;
			projectDirPath = "";
			projectRoot = "";
			targets = (
				708EAA5C1B1D88DC00E158A4 /* iOS体验 */,
				708EAA751B1D88DD00E158A4 /* iOS体验Tests */,
			);
		};
/* End PBXProject section */

/* Begin PBXResourcesBuildPhase section */
		708EAA5B1B1D88DC00E158A4 /* Resources */ = {
			isa = PBXResourcesBuildPhase;
			buildActionMask = 2147483647;
			files = (
				708EAA6C1B1D88DC00E158A4 /* Main.storyboard in Resources */,
				708EAA711B1D88DC00E158A4 /* LaunchScreen.xib in Resources */,
				708EAA6E1B1D88DC00E158A4 /* Images.xcassets in Resources */,
			);
			runOnlyForDeploymentPostprocessing = 0;
		};
		708EAA741B1D88DD00E158A4 /* Resources */ = {
			isa = PBXResourcesBuildPhase;
			buildActionMask = 2147483647;
			files = (
			);
			runOnlyForDeploymentPostprocessing = 0;
		};
/* End PBXResourcesBuildPhase section */

/* Begin PBXSourcesBuildPhase section */
		708EAA591B1D88DC00E158A4 /* Sources */ = {
			isa = PBXSourcesBuildPhase;
			buildActionMask = 2147483647;
			files = (
				708EAA691B1D88DC00E158A4 /* ViewController.m in Sources */,
				708EAA661B1D88DC00E158A4 /* AppDelegate.m in Sources */,
				708EAA631B1D88DC00E158A4 /* main.m in Sources */,
			);
			runOnlyForDeploymentPostprocessing = 0;
		};
		708EAA721B1D88DD00E158A4 /* Sources */ = {
			isa = PBXSourcesBuildPhase;
			buildActionMask = 2147483647;
			files = (
				708EAA7D1B1D88DD00E158A4 /* iOS__Tests.m in Sources */,
			);
			runOnlyForDeploymentPostprocessing = 0;
		};
/* End PBXSourcesBuildPhase section */

/* Begin PBXTargetDependency section */
		708EAA781B1D88DD00E158A4 /* PBXTargetDependency */ = {
			isa = PBXTargetDependency;
			target = 708EAA5C1B1D88DC00E158A4 /* iOS体验 */;
			targetProxy = 708EAA771B1D88DD00E158A4 /* PBXContainerItemProxy */;
		};
/* End PBXTargetDependency section */

/* Begin PBXVariantGroup section */
		708EAA6A1B1D88DC00E158A4 /* Main.storyboard */ = {
			isa = PBXVariantGroup;
			children = (
				708EAA6B1B1D88DC00E158A4 /* Base */,
			);
			name = Main.storyboard;
			sourceTree = "<group>";
		};
		708EAA6F1B1D88DC00E158A4 /* LaunchScreen.xib */ = {
			isa = PBXVariantGroup;
			children = (
				708EAA701B1D88DC00E158A4 /* Base */,
			);
			name = LaunchScreen.xib;
			sourceTree = "<group>";
		};
/* End PBXVariantGroup section */

/* Begin XCBuildConfiguration section */
		708EAA7E1B1D88DD00E158A4 /* Debug */ = {
			isa = XCBuildConfiguration;
			buildSettings = {
				ALWAYS_SEARCH_USER_PATHS = NO;
				CLANG_CXX_LANGUAGE_STANDARD = "gnu++0x";
				CLANG_CXX_LIBRARY = "libc++";
				CLANG_ENABLE_MODULES = YES;
				CLANG_ENABLE_OBJC_ARC = YES;
				CLANG_WARN_BOOL_CONVERSION = YES;
				CLANG_WARN_CONSTANT_CONVERSION = YES;
				CLANG_WARN_DIRECT_OBJC_ISA_USAGE = YES_ERROR;
				CLANG_WARN_EMPTY_BODY = YES;
				CLANG_WARN_ENUM_CONVERSION = YES;
				CLANG_WARN_INT_CONVERSION = YES;
				CLANG_WARN_OBJC_ROOT_CLASS = YES_ERROR;
				CLANG_WARN_UNREACHABLE_CODE = YES;
				CLANG_WARN__DUPLICATE_METHOD_MATCH = YES;
				"CODE_SIGN_IDENTITY[sdk=iphoneos*]" = "iPhone Developer";
				COPY_PHASE_STRIP = NO;
				DEBUG_INFORMATION_FORMAT = "dwarf-with-dsym";
				ENABLE_STRICT_OBJC_MSGSEND = YES;
				GCC_C_LANGUAGE_STANDARD = gnu99;
				GCC_DYNAMIC_NO_PIC = NO;
				GCC_NO_COMMON_BLOCKS = YES;
				GCC_OPTIMIZATION_LEVEL = 0;
				GCC_PREPROCESSOR_DEFINITIONS = (
					"DEBUG=1",
					"$(inherited)",
				);
				GCC_SYMBOLS_PRIVATE_EXTERN = NO;
				GCC_WARN_64_TO_32_BIT_CONVERSION = YES;
				GCC_WARN_ABOUT_RETURN_TYPE = YES_ERROR;
				GCC_WARN_UNDECLARED_SELECTOR = YES;
				GCC_WARN_UNINITIALIZED_AUTOS = YES_AGGRESSIVE;
				GCC_WARN_UNUSED_FUNCTION = YES;
				GCC_WARN_UNUSED_VARIABLE = YES;
				IPHONEOS_DEPLOYMENT_TARGET = 8.3;
				MTL_ENABLE_DEBUG_INFO = YES;
				ONLY_ACTIVE_ARCH = YES;
				SDKROOT = iphoneos;
			};
			name = Debug;
		};
		708EAA7F1B1D88DD00E158A4 /* Release */ = {
			isa = XCBuildConfiguration;
			buildSettings = {
				ALWAYS_SEARCH_USER_PATHS = NO;
				CLANG_CXX_LANGUAGE_STANDARD = "gnu++0x";
				CLANG_CXX_LIBRARY = "libc++";
				CLANG_ENABLE_MODULES = YES;
				CLANG_ENABLE_OBJC_ARC = YES;
				CLANG_WARN_BOOL_CONVERSION = YES;
				CLANG_WARN_CONSTANT_CONVERSION = YES;
				CLANG_WARN_DIRECT_OBJC_ISA_USAGE = YES_ERROR;
				CLANG_WARN_EMPTY_BODY = YES;
				CLANG_WARN_ENUM_CONVERSION = YES;
				CLANG_WARN_INT_CONVERSION = YES;
				CLANG_WARN_OBJC_ROOT_CLASS = YES_ERROR;
				CLANG_WARN_UNREACHABLE_CODE = YES;
				CLANG_WARN__DUPLICATE_METHOD_MATCH = YES;
				"CODE_SIGN_IDENTITY[sdk=iphoneos*]" = "iPhone Developer";
				COPY_PHASE_STRIP = NO;
				DEBUG_INFORMATION_FORMAT = "dwarf-with-dsym";
				ENABLE_NS_ASSERTIONS = NO;
				ENABLE_STRICT_OBJC_MSGSEND = YES;
				GCC_C_LANGUAGE_STANDARD = gnu99;
				GCC_NO_COMMON_BLOCKS = YES;
				GCC_WARN_64_TO_32_BIT_CONVERSION = YES;
				GCC_WARN_ABOUT_RETURN_TYPE = YES_ERROR;
				GCC_WARN_UNDECLARED_SELECTOR = YES;
				GCC_WARN_UNINITIALIZED_AUTOS = YES_AGGRESSIVE;
				GCC_WARN_UNUSED_FUNCTION = YES;
				GCC_WARN_UNUSED_VARIABLE = YES;
				IPHONEOS_DEPLOYMENT_TARGET = 8.3;
				MTL_ENABLE_DEBUG_INFO = NO;
				SDKROOT = iphoneos;
				VALIDATE_PRODUCT = YES;
			};
			name = Release;
		};
		708EAA811B1D88DD00E158A4 /* Debug */ = {
			isa = XCBuildConfiguration;
			buildSettings = {
				ASSETCATALOG_COMPILER_APPICON_NAME = AppIcon;
				INFOPLIST_FILE = "iOS体验/Info.plist";
				IPHONEOS_DEPLOYMENT_TARGET = 8.2;
				LD_RUNPATH_SEARCH_PATHS = "$(inherited) @executable_path/Frameworks";
				PRODUCT_NAME = "$(TARGET_NAME)";
			};
			name = Debug;
		};
		708EAA821B1D88DD00E158A4 /* Release */ = {
			isa = XCBuildConfiguration;
			buildSettings = {
				ASSETCATALOG_COMPILER_APPICON_NAME = AppIcon;
				INFOPLIST_FILE = "iOS体验/Info.plist";
				IPHONEOS_DEPLOYMENT_TARGET = 8.2;
				LD_RUNPATH_SEARCH_PATHS = "$(inherited) @executable_path/Frameworks";
				PRODUCT_NAME = "$(TARGET_NAME)";
			};
			name = Release;
		};
		708EAA841B1D88DD00E158A4 /* Debug */ = {
			isa = XCBuildConfiguration;
			buildSettings = {
				BUNDLE_LOADER = "$(TEST_HOST)";
				FRAMEWORK_SEARCH_PATHS = (
					"$(SDKROOT)/Developer/Library/Frameworks",
					"$(inherited)",
				);
				GCC_PREPROCESSOR_DEFINITIONS = (
					"DEBUG=1",
					"$(inherited)",
				);
				INFOPLIST_FILE = "iOS体验Tests/Info.plist";
				LD_RUNPATH_SEARCH_PATHS = "$(inherited) @executable_path/Frameworks @loader_path/Frameworks";
				PRODUCT_NAME = "$(TARGET_NAME)";
				TEST_HOST = "$(BUILT_PRODUCTS_DIR)/iOS体验.app/iOS体验";
			};
			name = Debug;
		};
		708EAA851B1D88DD00E158A4 /* Release */ = {
			isa = XCBuildConfiguration;
			buildSettings = {
				BUNDLE_LOADER = "$(TEST_HOST)";
				FRAMEWORK_SEARCH_PATHS = (
					"$(SDKROOT)/Developer/Library/Frameworks",
					"$(inherited)",
				);
				INFOPLIST_FILE = "iOS体验Tests/Info.plist";
				LD_RUNPATH_SEARCH_PATHS = "$(inherited) @executable_path/Frameworks @loader_path/Frameworks";
				PRODUCT_NAME = "$(TARGET_NAME)";
				TEST_HOST = "$(BUILT_PRODUCTS_DIR)/iOS体验.app/iOS体验";
			};
			name = Release;
		};
/* End XCBuildConfiguration section */

/* Begin XCConfigurationList section */
		708EAA581B1D88DC00E158A4 /* Build configuration list for PBXProject "iOS体验" */ = {
			isa = XCConfigurationList;
			buildConfigurations = (
				708EAA7E1B1D88DD00E158A4 /* Debug */,
				708EAA7F1B1D88DD00E158A4 /* Release */,
			);
			defaultConfigurationIsVisible = 0;
			defaultConfigurationName = Release;
		};
		708EAA801B1D88DD00E158A4 /* Build configuration list for PBXNativeTarget "iOS体验" */ = {
			isa = XCConfigurationList;
			buildConfigurations = (
				708EAA811B1D88DD00E158A4 /* Debug */,
				708EAA821B1D88DD00E158A4 /* Release */,
			);
			defaultConfigurationIsVisible = 0;
		};
		708EAA831B1D88DD00E158A4 /* Build configuration list for PBXNativeTarget "iOS体验Tests" */ = {
			isa = XCConfigurationList;
			buildConfigurations = (
				708EAA841B1D88DD00E158A4 /* Debug */,
				708EAA851B1D88DD00E158A4 /* Release */,
			);
			defaultConfigurationIsVisible = 0;
		};
/* End XCConfigurationList section */
	};
	rootObject = 708EAA551B1D88DC00E158A4 /* Project object */;
}
