// !$*UTF8*$!
{
	archiveVersion = 1;
	classes = {
	};
	objectVersion = 46;
	objects = {

/* Begin PBXBuildFile section */
		9DF4F83B1B1C607E003675F3 /* main.m in Sources */ = {isa = PBXBuildFile; fileRef = 9DF4F83A1B1C607E003675F3 /* main.m */; };
		9DF4F83E1B1C607E003675F3 /* AppDelegate.m in Sources */ = {isa = PBXBuildFile; fileRef = 9DF4F83D1B1C607E003675F3 /* AppDelegate.m */; };
		9DF4F8411B1C607E003675F3 /* ViewController.m in Sources */ = {isa = PBXBuildFile; fileRef = 9DF4F8401B1C607E003675F3 /* ViewController.m */; };
		9DF4F8441B1C607E003675F3 /* Main.storyboard in Resources */ = {isa = PBXBuildFile; fileRef = 9DF4F8421B1C607E003675F3 /* Main.storyboard */; };
		9DF4F8461B1C607E003675F3 /* Images.xcassets in Resources */ = {isa = PBXBuildFile; fileRef = 9DF4F8451B1C607E003675F3 /* Images.xcassets */; };
		9DF4F8491B1C607E003675F3 /* LaunchScreen.xib in Resources */ = {isa = PBXBuildFile; fileRef = 9DF4F8471B1C607E003675F3 /* LaunchScreen.xib */; };
		9DF4F8551B1C607E003675F3 /* iOS____Tests.m in Sources */ = {isa = PBXBuildFile; fileRef = 9DF4F8541B1C607E003675F3 /* iOS____Tests.m */; };
		9DF4F8671B1C610B003675F3 /* main.m in Sources */ = {isa = PBXBuildFile; fileRef = 9DF4F8661B1C610B003675F3 /* main.m */; };
		9DF4F86A1B1C610B003675F3 /* AppDelegate.m in Sources */ = {isa = PBXBuildFile; fileRef = 9DF4F8691B1C610B003675F3 /* AppDelegate.m */; };
		9DF4F86D1B1C610B003675F3 /* ViewController.m in Sources */ = {isa = PBXBuildFile; fileRef = 9DF4F86C1B1C610B003675F3 /* ViewController.m */; };
		9DF4F8701B1C610B003675F3 /* Main.storyboard in Resources */ = {isa = PBXBuildFile; fileRef = 9DF4F86E1B1C610B003675F3 /* Main.storyboard */; };
		9DF4F8721B1C610B003675F3 /* Images.xcassets in Resources */ = {isa = PBXBuildFile; fileRef = 9DF4F8711B1C610B003675F3 /* Images.xcassets */; };
		9DF4F8751B1C610B003675F3 /* LaunchScreen.xib in Resources */ = {isa = PBXBuildFile; fileRef = 9DF4F8731B1C610B003675F3 /* LaunchScreen.xib */; };
		9DF4F8811B1C610C003675F3 /* ____Tests.m in Sources */ = {isa = PBXBuildFile; fileRef = 9DF4F8801B1C610C003675F3 /* ____Tests.m */; };
		9DF4F8911B1C625A003675F3 /* main.m in Sources */ = {isa = PBXBuildFile; fileRef = 9DF4F8901B1C625A003675F3 /* main.m */; };
		9DF4F8941B1C625A003675F3 /* AppDelegate.m in Sources */ = {isa = PBXBuildFile; fileRef = 9DF4F8931B1C625A003675F3 /* AppDelegate.m */; };
		9DF4F8971B1C625A003675F3 /* ViewController.m in Sources */ = {isa = PBXBuildFile; fileRef = 9DF4F8961B1C625A003675F3 /* ViewController.m */; };
		9DF4F89A1B1C625A003675F3 /* Main.storyboard in Resources */ = {isa = PBXBuildFile; fileRef = 9DF4F8981B1C625A003675F3 /* Main.storyboard */; };
		9DF4F89C1B1C625A003675F3 /* Images.xcassets in Resources */ = {isa = PBXBuildFile; fileRef = 9DF4F89B1B1C625A003675F3 /* Images.xcassets */; };
		9DF4F89F1B1C625A003675F3 /* LaunchScreen.xib in Resources */ = {isa = PBXBuildFile; fileRef = 9DF4F89D1B1C625A003675F3 /* LaunchScreen.xib */; };
		9DF4F8AB1B1C625A003675F3 /* ______Tests.m in Sources */ = {isa = PBXBuildFile; fileRef = 9DF4F8AA1B1C625A003675F3 /* ______Tests.m */; };
		9DF4F8BB1B1C631C003675F3 /* main.m in Sources */ = {isa = PBXBuildFile; fileRef = 9DF4F8BA1B1C631C003675F3 /* main.m */; };
		9DF4F8BE1B1C631C003675F3 /* AppDelegate.m in Sources */ = {isa = PBXBuildFile; fileRef = 9DF4F8BD1B1C631C003675F3 /* AppDelegate.m */; };
		9DF4F8C11B1C631C003675F3 /* ViewController.m in Sources */ = {isa = PBXBuildFile; fileRef = 9DF4F8C01B1C631C003675F3 /* ViewController.m */; };
		9DF4F8C41B1C631C003675F3 /* Main.storyboard in Resources */ = {isa = PBXBuildFile; fileRef = 9DF4F8C21B1C631C003675F3 /* Main.storyboard */; };
		9DF4F8C61B1C631C003675F3 /* Images.xcassets in Resources */ = {isa = PBXBuildFile; fileRef = 9DF4F8C51B1C631C003675F3 /* Images.xcassets */; };
		9DF4F8C91B1C631C003675F3 /* LaunchScreen.xib in Resources */ = {isa = PBXBuildFile; fileRef = 9DF4F8C71B1C631C003675F3 /* LaunchScreen.xib */; };
		9DF4F8D51B1C631C003675F3 /* ____Tests.m in Sources */ = {isa = PBXBuildFile; fileRef = 9DF4F8D41B1C631C003675F3 /* ____Tests.m */; };
/* End PBXBuildFile section */

/* Begin PBXContainerItemProxy section */
		9DF4F84F1B1C607E003675F3 /* PBXContainerItemProxy */ = {
			isa = PBXContainerItemProxy;
			containerPortal = 9DF4F82D1B1C607E003675F3 /* Project object */;
			proxyType = 1;
			remoteGlobalIDString = 9DF4F8341B1C607E003675F3;
			remoteInfo = "iOS开发体验";
		};
		9DF4F87B1B1C610C003675F3 /* PBXContainerItemProxy */ = {
			isa = PBXContainerItemProxy;
			containerPortal = 9DF4F82D1B1C607E003675F3 /* Project object */;
			proxyType = 1;
			remoteGlobalIDString = 9DF4F8611B1C610B003675F3;
			remoteInfo = "显示提醒";
		};
		9DF4F8A51B1C625A003675F3 /* PBXContainerItemProxy */ = {
			isa = PBXContainerItemProxy;
			containerPortal = 9DF4F82D1B1C607E003675F3 /* Project object */;
			proxyType = 1;
			remoteGlobalIDString = 9DF4F88B1B1C625A003675F3;
			remoteInfo = "打电话发短信";
		};
		9DF4F8CF1B1C631C003675F3 /* PBXContainerItemProxy */ = {
			isa = PBXContainerItemProxy;
			containerPortal = 9DF4F82D1B1C607E003675F3 /* Project object */;
			proxyType = 1;
			remoteGlobalIDString = 9DF4F8B51B1C631B003675F3;
			remoteInfo = "全景看车";
		};
/* End PBXContainerItemProxy section */

/* Begin PBXFileReference section */
		9DF4F8351B1C607E003675F3 /* iOS开发体验.app */ = {isa = PBXFileReference; explicitFileType = wrapper.application; includeInIndex = 0; path = "iOS开发体验.app"; sourceTree = BUILT_PRODUCTS_DIR; };
		9DF4F8391B1C607E003675F3 /* Info.plist */ = {isa = PBXFileReference; lastKnownFileType = text.plist.xml; path = Info.plist; sourceTree = "<group>"; };
		9DF4F83A1B1C607E003675F3 /* main.m */ = {isa = PBXFileReference; lastKnownFileType = sourcecode.c.objc; path = main.m; sourceTree = "<group>"; };
		9DF4F83C1B1C607E003675F3 /* AppDelegate.h */ = {isa = PBXFileReference; lastKnownFileType = sourcecode.c.h; path = AppDelegate.h; sourceTree = "<group>"; };
		9DF4F83D1B1C607E003675F3 /* AppDelegate.m */ = {isa = PBXFileReference; lastKnownFileType = sourcecode.c.objc; path = AppDelegate.m; sourceTree = "<group>"; };
		9DF4F83F1B1C607E003675F3 /* ViewController.h */ = {isa = PBXFileReference; lastKnownFileType = sourcecode.c.h; path = ViewController.h; sourceTree = "<group>"; };
		9DF4F8401B1C607E003675F3 /* ViewController.m */ = {isa = PBXFileReference; lastKnownFileType = sourcecode.c.objc; path = ViewController.m; sourceTree = "<group>"; };
		9DF4F8431B1C607E003675F3 /* Base */ = {isa = PBXFileReference; lastKnownFileType = file.storyboard; name = Base; path = Base.lproj/Main.storyboard; sourceTree = "<group>"; };
		9DF4F8451B1C607E003675F3 /* Images.xcassets */ = {isa = PBXFileReference; lastKnownFileType = folder.assetcatalog; path = Images.xcassets; sourceTree = "<group>"; };
		9DF4F8481B1C607E003675F3 /* Base */ = {isa = PBXFileReference; lastKnownFileType = file.xib; name = Base; path = Base.lproj/LaunchScreen.xib; sourceTree = "<group>"; };
		9DF4F84E1B1C607E003675F3 /* iOS开发体验Tests.xctest */ = {isa = PBXFileReference; explicitFileType = wrapper.cfbundle; includeInIndex = 0; path = "iOS开发体验Tests.xctest"; sourceTree = BUILT_PRODUCTS_DIR; };
		9DF4F8531B1C607E003675F3 /* Info.plist */ = {isa = PBXFileReference; lastKnownFileType = text.plist.xml; path = Info.plist; sourceTree = "<group>"; };
		9DF4F8541B1C607E003675F3 /* iOS____Tests.m */ = {isa = PBXFileReference; lastKnownFileType = sourcecode.c.objc; path = "iOS____Tests.m"; sourceTree = "<group>"; };
		9DF4F8621B1C610B003675F3 /* 显示提醒.app */ = {isa = PBXFileReference; explicitFileType = wrapper.application; includeInIndex = 0; path = "显示提醒.app"; sourceTree = BUILT_PRODUCTS_DIR; };
		9DF4F8651B1C610B003675F3 /* Info.plist */ = {isa = PBXFileReference; lastKnownFileType = text.plist.xml; path = Info.plist; sourceTree = "<group>"; };
		9DF4F8661B1C610B003675F3 /* main.m */ = {isa = PBXFileReference; lastKnownFileType = sourcecode.c.objc; path = main.m; sourceTree = "<group>"; };
		9DF4F8681B1C610B003675F3 /* AppDelegate.h */ = {isa = PBXFileReference; lastKnownFileType = sourcecode.c.h; path = AppDelegate.h; sourceTree = "<group>"; };
		9DF4F8691B1C610B003675F3 /* AppDelegate.m */ = {isa = PBXFileReference; lastKnownFileType = sourcecode.c.objc; path = AppDelegate.m; sourceTree = "<group>"; };
		9DF4F86B1B1C610B003675F3 /* ViewController.h */ = {isa = PBXFileReference; lastKnownFileType = sourcecode.c.h; path = ViewController.h; sourceTree = "<group>"; };
		9DF4F86C1B1C610B003675F3 /* ViewController.m */ = {isa = PBXFileReference; lastKnownFileType = sourcecode.c.objc; path = ViewController.m; sourceTree = "<group>"; };
		9DF4F86F1B1C610B003675F3 /* Base */ = {isa = PBXFileReference; lastKnownFileType = file.storyboard; name = Base; path = Base.lproj/Main.storyboard; sourceTree = "<group>"; };
		9DF4F8711B1C610B003675F3 /* Images.xcassets */ = {isa = PBXFileReference; lastKnownFileType = folder.assetcatalog; path = Images.xcassets; sourceTree = "<group>"; };
		9DF4F8741B1C610B003675F3 /* Base */ = {isa = PBXFileReference; lastKnownFileType = file.xib; name = Base; path = Base.lproj/LaunchScreen.xib; sourceTree = "<group>"; };
		9DF4F87A1B1C610B003675F3 /* 显示提醒Tests.xctest */ = {isa = PBXFileReference; explicitFileType = wrapper.cfbundle; includeInIndex = 0; path = "显示提醒Tests.xctest"; sourceTree = BUILT_PRODUCTS_DIR; };
		9DF4F87F1B1C610C003675F3 /* Info.plist */ = {isa = PBXFileReference; lastKnownFileType = text.plist.xml; path = Info.plist; sourceTree = "<group>"; };
		9DF4F8801B1C610C003675F3 /* ____Tests.m */ = {isa = PBXFileReference; lastKnownFileType = sourcecode.c.objc; path = "____Tests.m"; sourceTree = "<group>"; };
		9DF4F88C1B1C625A003675F3 /* 打电话发短信.app */ = {isa = PBXFileReference; explicitFileType = wrapper.application; includeInIndex = 0; path = "打电话发短信.app"; sourceTree = BUILT_PRODUCTS_DIR; };
		9DF4F88F1B1C625A003675F3 /* Info.plist */ = {isa = PBXFileReference; lastKnownFileType = text.plist.xml; path = Info.plist; sourceTree = "<group>"; };
		9DF4F8901B1C625A003675F3 /* main.m */ = {isa = PBXFileReference; lastKnownFileType = sourcecode.c.objc; path = main.m; sourceTree = "<group>"; };
		9DF4F8921B1C625A003675F3 /* AppDelegate.h */ = {isa = PBXFileReference; lastKnownFileType = sourcecode.c.h; path = AppDelegate.h; sourceTree = "<group>"; };
		9DF4F8931B1C625A003675F3 /* AppDelegate.m */ = {isa = PBXFileReference; lastKnownFileType = sourcecode.c.objc; path = AppDelegate.m; sourceTree = "<group>"; };
		9DF4F8951B1C625A003675F3 /* ViewController.h */ = {isa = PBXFileReference; lastKnownFileType = sourcecode.c.h; path = ViewController.h; sourceTree = "<group>"; };
		9DF4F8961B1C625A003675F3 /* ViewController.m */ = {isa = PBXFileReference; lastKnownFileType = sourcecode.c.objc; path = ViewController.m; sourceTree = "<group>"; };
		9DF4F8991B1C625A003675F3 /* Base */ = {isa = PBXFileReference; lastKnownFileType = file.storyboard; name = Base; path = Base.lproj/Main.storyboard; sourceTree = "<group>"; };
		9DF4F89B1B1C625A003675F3 /* Images.xcassets */ = {isa = PBXFileReference; lastKnownFileType = folder.assetcatalog; path = Images.xcassets; sourceTree = "<group>"; };
		9DF4F89E1B1C625A003675F3 /* Base */ = {isa = PBXFileReference; lastKnownFileType = file.xib; name = Base; path = Base.lproj/LaunchScreen.xib; sourceTree = "<group>"; };
		9DF4F8A41B1C625A003675F3 /* 打电话发短信Tests.xctest */ = {isa = PBXFileReference; explicitFileType = wrapper.cfbundle; includeInIndex = 0; path = "打电话发短信Tests.xctest"; sourceTree = BUILT_PRODUCTS_DIR; };
		9DF4F8A91B1C625A003675F3 /* Info.plist */ = {isa = PBXFileReference; lastKnownFileType = text.plist.xml; path = Info.plist; sourceTree = "<group>"; };
		9DF4F8AA1B1C625A003675F3 /* ______Tests.m */ = {isa = PBXFileReference; lastKnownFileType = sourcecode.c.objc; path = "______Tests.m"; sourceTree = "<group>"; };
		9DF4F8B61B1C631B003675F3 /* 全景看车.app */ = {isa = PBXFileReference; explicitFileType = wrapper.application; includeInIndex = 0; path = "全景看车.app"; sourceTree = BUILT_PRODUCTS_DIR; };
		9DF4F8B91B1C631C003675F3 /* Info.plist */ = {isa = PBXFileReference; lastKnownFileType = text.plist.xml; path = Info.plist; sourceTree = "<group>"; };
		9DF4F8BA1B1C631C003675F3 /* main.m */ = {isa = PBXFileReference; lastKnownFileType = sourcecode.c.objc; path = main.m; sourceTree = "<group>"; };
		9DF4F8BC1B1C631C003675F3 /* AppDelegate.h */ = {isa = PBXFileReference; lastKnownFileType = sourcecode.c.h; path = AppDelegate.h; sourceTree = "<group>"; };
		9DF4F8BD1B1C631C003675F3 /* AppDelegate.m */ = {isa = PBXFileReference; lastKnownFileType = sourcecode.c.objc; path = AppDelegate.m; sourceTree = "<group>"; };
		9DF4F8BF1B1C631C003675F3 /* ViewController.h */ = {isa = PBXFileReference; lastKnownFileType = sourcecode.c.h; path = ViewController.h; sourceTree = "<group>"; };
		9DF4F8C01B1C631C003675F3 /* ViewController.m */ = {isa = PBXFileReference; lastKnownFileType = sourcecode.c.objc; path = ViewController.m; sourceTree = "<group>"; };
		9DF4F8C31B1C631C003675F3 /* Base */ = {isa = PBXFileReference; lastKnownFileType = file.storyboard; name = Base; path = Base.lproj/Main.storyboard; sourceTree = "<group>"; };
		9DF4F8C51B1C631C003675F3 /* Images.xcassets */ = {isa = PBXFileReference; lastKnownFileType = folder.assetcatalog; path = Images.xcassets; sourceTree = "<group>"; };
		9DF4F8C81B1C631C003675F3 /* Base */ = {isa = PBXFileReference; lastKnownFileType = file.xib; name = Base; path = Base.lproj/LaunchScreen.xib; sourceTree = "<group>"; };
		9DF4F8CE1B1C631C003675F3 /* 全景看车Tests.xctest */ = {isa = PBXFileReference; explicitFileType = wrapper.cfbundle; includeInIndex = 0; path = "全景看车Tests.xctest"; sourceTree = BUILT_PRODUCTS_DIR; };
		9DF4F8D31B1C631C003675F3 /* Info.plist */ = {isa = PBXFileReference; lastKnownFileType = text.plist.xml; path = Info.plist; sourceTree = "<group>"; };
		9DF4F8D41B1C631C003675F3 /* ____Tests.m */ = {isa = PBXFileReference; lastKnownFileType = sourcecode.c.objc; path = "____Tests.m"; sourceTree = "<group>"; };
/* End PBXFileReference section */

/* Begin PBXFrameworksBuildPhase section */
		9DF4F8321B1C607E003675F3 /* Frameworks */ = {
			isa = PBXFrameworksBuildPhase;
			buildActionMask = 2147483647;
			files = (
			);
			runOnlyForDeploymentPostprocessing = 0;
		};
		9DF4F84B1B1C607E003675F3 /* Frameworks */ = {
			isa = PBXFrameworksBuildPhase;
			buildActionMask = 2147483647;
			files = (
			);
			runOnlyForDeploymentPostprocessing = 0;
		};
		9DF4F85F1B1C610B003675F3 /* Frameworks */ = {
			isa = PBXFrameworksBuildPhase;
			buildActionMask = 2147483647;
			files = (
			);
			runOnlyForDeploymentPostprocessing = 0;
		};
		9DF4F8771B1C610B003675F3 /* Frameworks */ = {
			isa = PBXFrameworksBuildPhase;
			buildActionMask = 2147483647;
			files = (
			);
			runOnlyForDeploymentPostprocessing = 0;
		};
		9DF4F8891B1C625A003675F3 /* Frameworks */ = {
			isa = PBXFrameworksBuildPhase;
			buildActionMask = 2147483647;
			files = (
			);
			runOnlyForDeploymentPostprocessing = 0;
		};
		9DF4F8A11B1C625A003675F3 /* Frameworks */ = {
			isa = PBXFrameworksBuildPhase;
			buildActionMask = 2147483647;
			files = (
			);
			runOnlyForDeploymentPostprocessing = 0;
		};
		9DF4F8B31B1C631B003675F3 /* Frameworks */ = {
			isa = PBXFrameworksBuildPhase;
			buildActionMask = 2147483647;
			files = (
			);
			runOnlyForDeploymentPostprocessing = 0;
		};
		9DF4F8CB1B1C631C003675F3 /* Frameworks */ = {
			isa = PBXFrameworksBuildPhase;
			buildActionMask = 2147483647;
			files = (
			);
			runOnlyForDeploymentPostprocessing = 0;
		};
/* End PBXFrameworksBuildPhase section */

/* Begin PBXGroup section */
		9DF4F82C1B1C607E003675F3 = {
			isa = PBXGroup;
			children = (
				9DF4F8371B1C607E003675F3 /* iOS开发体验 */,
				9DF4F8511B1C607E003675F3 /* iOS开发体验Tests */,
				9DF4F8631B1C610B003675F3 /* 显示提醒 */,
				9DF4F87D1B1C610C003675F3 /* 显示提醒Tests */,
				9DF4F88D1B1C625A003675F3 /* 打电话发短信 */,
				9DF4F8A71B1C625A003675F3 /* 打电话发短信Tests */,
				9DF4F8B71B1C631C003675F3 /* 全景看车 */,
				9DF4F8D11B1C631C003675F3 /* 全景看车Tests */,
				9DF4F8361B1C607E003675F3 /* Products */,
			);
			sourceTree = "<group>";
		};
		9DF4F8361B1C607E003675F3 /* Products */ = {
			isa = PBXGroup;
			children = (
				9DF4F8351B1C607E003675F3 /* iOS开发体验.app */,
				9DF4F84E1B1C607E003675F3 /* iOS开发体验Tests.xctest */,
				9DF4F8621B1C610B003675F3 /* 显示提醒.app */,
				9DF4F87A1B1C610B003675F3 /* 显示提醒Tests.xctest */,
				9DF4F88C1B1C625A003675F3 /* 打电话发短信.app */,
				9DF4F8A41B1C625A003675F3 /* 打电话发短信Tests.xctest */,
				9DF4F8B61B1C631B003675F3 /* 全景看车.app */,
				9DF4F8CE1B1C631C003675F3 /* 全景看车Tests.xctest */,
			);
			name = Products;
			sourceTree = "<group>";
		};
		9DF4F8371B1C607E003675F3 /* iOS开发体验 */ = {
			isa = PBXGroup;
			children = (
				9DF4F83C1B1C607E003675F3 /* AppDelegate.h */,
				9DF4F83D1B1C607E003675F3 /* AppDelegate.m */,
				9DF4F83F1B1C607E003675F3 /* ViewController.h */,
				9DF4F8401B1C607E003675F3 /* ViewController.m */,
				9DF4F8421B1C607E003675F3 /* Main.storyboard */,
				9DF4F8451B1C607E003675F3 /* Images.xcassets */,
				9DF4F8471B1C607E003675F3 /* LaunchScreen.xib */,
				9DF4F8381B1C607E003675F3 /* Supporting Files */,
			);
			path = "iOS开发体验";
			sourceTree = "<group>";
		};
		9DF4F8381B1C607E003675F3 /* Supporting Files */ = {
			isa = PBXGroup;
			children = (
				9DF4F8391B1C607E003675F3 /* Info.plist */,
				9DF4F83A1B1C607E003675F3 /* main.m */,
			);
			name = "Supporting Files";
			sourceTree = "<group>";
		};
		9DF4F8511B1C607E003675F3 /* iOS开发体验Tests */ = {
			isa = PBXGroup;
			children = (
				9DF4F8541B1C607E003675F3 /* iOS____Tests.m */,
				9DF4F8521B1C607E003675F3 /* Supporting Files */,
			);
			path = "iOS开发体验Tests";
			sourceTree = "<group>";
		};
		9DF4F8521B1C607E003675F3 /* Supporting Files */ = {
			isa = PBXGroup;
			children = (
				9DF4F8531B1C607E003675F3 /* Info.plist */,
			);
			name = "Supporting Files";
			sourceTree = "<group>";
		};
		9DF4F8631B1C610B003675F3 /* 显示提醒 */ = {
			isa = PBXGroup;
			children = (
				9DF4F8681B1C610B003675F3 /* AppDelegate.h */,
				9DF4F8691B1C610B003675F3 /* AppDelegate.m */,
				9DF4F86B1B1C610B003675F3 /* ViewController.h */,
				9DF4F86C1B1C610B003675F3 /* ViewController.m */,
				9DF4F86E1B1C610B003675F3 /* Main.storyboard */,
				9DF4F8711B1C610B003675F3 /* Images.xcassets */,
				9DF4F8731B1C610B003675F3 /* LaunchScreen.xib */,
				9DF4F8641B1C610B003675F3 /* Supporting Files */,
			);
			path = "显示提醒";
			sourceTree = "<group>";
		};
		9DF4F8641B1C610B003675F3 /* Supporting Files */ = {
			isa = PBXGroup;
			children = (
				9DF4F8651B1C610B003675F3 /* Info.plist */,
				9DF4F8661B1C610B003675F3 /* main.m */,
			);
			name = "Supporting Files";
			sourceTree = "<group>";
		};
		9DF4F87D1B1C610C003675F3 /* 显示提醒Tests */ = {
			isa = PBXGroup;
			children = (
				9DF4F8801B1C610C003675F3 /* ____Tests.m */,
				9DF4F87E1B1C610C003675F3 /* Supporting Files */,
			);
			path = "显示提醒Tests";
			sourceTree = "<group>";
		};
		9DF4F87E1B1C610C003675F3 /* Supporting Files */ = {
			isa = PBXGroup;
			children = (
				9DF4F87F1B1C610C003675F3 /* Info.plist */,
			);
			name = "Supporting Files";
			sourceTree = "<group>";
		};
		9DF4F88D1B1C625A003675F3 /* 打电话发短信 */ = {
			isa = PBXGroup;
			children = (
				9DF4F8921B1C625A003675F3 /* AppDelegate.h */,
				9DF4F8931B1C625A003675F3 /* AppDelegate.m */,
				9DF4F8951B1C625A003675F3 /* ViewController.h */,
				9DF4F8961B1C625A003675F3 /* ViewController.m */,
				9DF4F8981B1C625A003675F3 /* Main.storyboard */,
				9DF4F89B1B1C625A003675F3 /* Images.xcassets */,
				9DF4F89D1B1C625A003675F3 /* LaunchScreen.xib */,
				9DF4F88E1B1C625A003675F3 /* Supporting Files */,
			);
			path = "打电话发短信";
			sourceTree = "<group>";
		};
		9DF4F88E1B1C625A003675F3 /* Supporting Files */ = {
			isa = PBXGroup;
			children = (
				9DF4F88F1B1C625A003675F3 /* Info.plist */,
				9DF4F8901B1C625A003675F3 /* main.m */,
			);
			name = "Supporting Files";
			sourceTree = "<group>";
		};
		9DF4F8A71B1C625A003675F3 /* 打电话发短信Tests */ = {
			isa = PBXGroup;
			children = (
				9DF4F8AA1B1C625A003675F3 /* ______Tests.m */,
				9DF4F8A81B1C625A003675F3 /* Supporting Files */,
			);
			path = "打电话发短信Tests";
			sourceTree = "<group>";
		};
		9DF4F8A81B1C625A003675F3 /* Supporting Files */ = {
			isa = PBXGroup;
			children = (
				9DF4F8A91B1C625A003675F3 /* Info.plist */,
			);
			name = "Supporting Files";
			sourceTree = "<group>";
		};
		9DF4F8B71B1C631C003675F3 /* 全景看车 */ = {
			isa = PBXGroup;
			children = (
				9DF4F8BC1B1C631C003675F3 /* AppDelegate.h */,
				9DF4F8BD1B1C631C003675F3 /* AppDelegate.m */,
				9DF4F8BF1B1C631C003675F3 /* ViewController.h */,
				9DF4F8C01B1C631C003675F3 /* ViewController.m */,
				9DF4F8C21B1C631C003675F3 /* Main.storyboard */,
				9DF4F8C51B1C631C003675F3 /* Images.xcassets */,
				9DF4F8C71B1C631C003675F3 /* LaunchScreen.xib */,
				9DF4F8B81B1C631C003675F3 /* Supporting Files */,
			);
			path = "全景看车";
			sourceTree = "<group>";
		};
		9DF4F8B81B1C631C003675F3 /* Supporting Files */ = {
			isa = PBXGroup;
			children = (
				9DF4F8B91B1C631C003675F3 /* Info.plist */,
				9DF4F8BA1B1C631C003675F3 /* main.m */,
			);
			name = "Supporting Files";
			sourceTree = "<group>";
		};
		9DF4F8D11B1C631C003675F3 /* 全景看车Tests */ = {
			isa = PBXGroup;
			children = (
				9DF4F8D41B1C631C003675F3 /* ____Tests.m */,
				9DF4F8D21B1C631C003675F3 /* Supporting Files */,
			);
			path = "全景看车Tests";
			sourceTree = "<group>";
		};
		9DF4F8D21B1C631C003675F3 /* Supporting Files */ = {
			isa = PBXGroup;
			children = (
				9DF4F8D31B1C631C003675F3 /* Info.plist */,
			);
			name = "Supporting Files";
			sourceTree = "<group>";
		};
/* End PBXGroup section */

/* Begin PBXNativeTarget section */
		9DF4F8341B1C607E003675F3 /* iOS开发体验 */ = {
			isa = PBXNativeTarget;
			buildConfigurationList = 9DF4F8581B1C607E003675F3 /* Build configuration list for PBXNativeTarget "iOS开发体验" */;
			buildPhases = (
				9DF4F8311B1C607E003675F3 /* Sources */,
				9DF4F8321B1C607E003675F3 /* Frameworks */,
				9DF4F8331B1C607E003675F3 /* Resources */,
			);
			buildRules = (
			);
			dependencies = (
			);
			name = "iOS开发体验";
			productName = "iOS开发体验";
			productReference = 9DF4F8351B1C607E003675F3 /* iOS开发体验.app */;
			productType = "com.apple.product-type.application";
		};
		9DF4F84D1B1C607E003675F3 /* iOS开发体验Tests */ = {
			isa = PBXNativeTarget;
			buildConfigurationList = 9DF4F85B1B1C607E003675F3 /* Build configuration list for PBXNativeTarget "iOS开发体验Tests" */;
			buildPhases = (
				9DF4F84A1B1C607E003675F3 /* Sources */,
				9DF4F84B1B1C607E003675F3 /* Frameworks */,
				9DF4F84C1B1C607E003675F3 /* Resources */,
			);
			buildRules = (
			);
			dependencies = (
				9DF4F8501B1C607E003675F3 /* PBXTargetDependency */,
			);
			name = "iOS开发体验Tests";
			productName = "iOS开发体验Tests";
			productReference = 9DF4F84E1B1C607E003675F3 /* iOS开发体验Tests.xctest */;
			productType = "com.apple.product-type.bundle.unit-test";
		};
		9DF4F8611B1C610B003675F3 /* 显示提醒 */ = {
			isa = PBXNativeTarget;
			buildConfigurationList = 9DF4F8821B1C610C003675F3 /* Build configuration list for PBXNativeTarget "显示提醒" */;
			buildPhases = (
				9DF4F85E1B1C610B003675F3 /* Sources */,
				9DF4F85F1B1C610B003675F3 /* Frameworks */,
				9DF4F8601B1C610B003675F3 /* Resources */,
			);
			buildRules = (
			);
			dependencies = (
			);
			name = "显示提醒";
			productName = "显示提醒";
			productReference = 9DF4F8621B1C610B003675F3 /* 显示提醒.app */;
			productType = "com.apple.product-type.application";
		};
		9DF4F8791B1C610B003675F3 /* 显示提醒Tests */ = {
			isa = PBXNativeTarget;
			buildConfigurationList = 9DF4F8851B1C610C003675F3 /* Build configuration list for PBXNativeTarget "显示提醒Tests" */;
			buildPhases = (
				9DF4F8761B1C610B003675F3 /* Sources */,
				9DF4F8771B1C610B003675F3 /* Frameworks */,
				9DF4F8781B1C610B003675F3 /* Resources */,
			);
			buildRules = (
			);
			dependencies = (
				9DF4F87C1B1C610C003675F3 /* PBXTargetDependency */,
			);
			name = "显示提醒Tests";
			productName = "显示提醒Tests";
			productReference = 9DF4F87A1B1C610B003675F3 /* 显示提醒Tests.xctest */;
			productType = "com.apple.product-type.bundle.unit-test";
		};
		9DF4F88B1B1C625A003675F3 /* 打电话发短信 */ = {
			isa = PBXNativeTarget;
			buildConfigurationList = 9DF4F8AC1B1C625A003675F3 /* Build configuration list for PBXNativeTarget "打电话发短信" */;
			buildPhases = (
				9DF4F8881B1C625A003675F3 /* Sources */,
				9DF4F8891B1C625A003675F3 /* Frameworks */,
				9DF4F88A1B1C625A003675F3 /* Resources */,
			);
			buildRules = (
			);
			dependencies = (
			);
			name = "打电话发短信";
			productName = "打电话发短信";
			productReference = 9DF4F88C1B1C625A003675F3 /* 打电话发短信.app */;
			productType = "com.apple.product-type.application";
		};
		9DF4F8A31B1C625A003675F3 /* 打电话发短信Tests */ = {
			isa = PBXNativeTarget;
			buildConfigurationList = 9DF4F8AF1B1C625A003675F3 /* Build configuration list for PBXNativeTarget "打电话发短信Tests" */;
			buildPhases = (
				9DF4F8A01B1C625A003675F3 /* Sources */,
				9DF4F8A11B1C625A003675F3 /* Frameworks */,
				9DF4F8A21B1C625A003675F3 /* Resources */,
			);
			buildRules = (
			);
			dependencies = (
				9DF4F8A61B1C625A003675F3 /* PBXTargetDependency */,
			);
			name = "打电话发短信Tests";
			productName = "打电话发短信Tests";
			productReference = 9DF4F8A41B1C625A003675F3 /* 打电话发短信Tests.xctest */;
			productType = "com.apple.product-type.bundle.unit-test";
		};
		9DF4F8B51B1C631B003675F3 /* 全景看车 */ = {
			isa = PBXNativeTarget;
			buildConfigurationList = 9DF4F8D61B1C631C003675F3 /* Build configuration list for PBXNativeTarget "全景看车" */;
			buildPhases = (
				9DF4F8B21B1C631B003675F3 /* Sources */,
				9DF4F8B31B1C631B003675F3 /* Frameworks */,
				9DF4F8B41B1C631B003675F3 /* Resources */,
			);
			buildRules = (
			);
			dependencies = (
			);
			name = "全景看车";
			productName = "全景看车";
			productReference = 9DF4F8B61B1C631B003675F3 /* 全景看车.app */;
			productType = "com.apple.product-type.application";
		};
		9DF4F8CD1B1C631C003675F3 /* 全景看车Tests */ = {
			isa = PBXNativeTarget;
			buildConfigurationList = 9DF4F8D91B1C631C003675F3 /* Build configuration list for PBXNativeTarget "全景看车Tests" */;
			buildPhases = (
				9DF4F8CA1B1C631C003675F3 /* Sources */,
				9DF4F8CB1B1C631C003675F3 /* Frameworks */,
				9DF4F8CC1B1C631C003675F3 /* Resources */,
			);
			buildRules = (
			);
			dependencies = (
				9DF4F8D01B1C631C003675F3 /* PBXTargetDependency */,
			);
			name = "全景看车Tests";
			productName = "全景看车Tests";
			productReference = 9DF4F8CE1B1C631C003675F3 /* 全景看车Tests.xctest */;
			productType = "com.apple.product-type.bundle.unit-test";
		};
/* End PBXNativeTarget section */

/* Begin PBXProject section */
		9DF4F82D1B1C607E003675F3 /* Project object */ = {
			isa = PBXProject;
			attributes = {
				LastUpgradeCheck = 0630;
				ORGANIZATIONNAME = "小码哥";
				TargetAttributes = {
					9DF4F8341B1C607E003675F3 = {
						CreatedOnToolsVersion = 6.3.2;
					};
					9DF4F84D1B1C607E003675F3 = {
						CreatedOnToolsVersion = 6.3.2;
						TestTargetID = 9DF4F8341B1C607E003675F3;
					};
					9DF4F8611B1C610B003675F3 = {
						CreatedOnToolsVersion = 6.3.2;
					};
					9DF4F8791B1C610B003675F3 = {
						CreatedOnToolsVersion = 6.3.2;
						TestTargetID = 9DF4F8611B1C610B003675F3;
					};
					9DF4F88B1B1C625A003675F3 = {
						CreatedOnToolsVersion = 6.3.2;
					};
					9DF4F8A31B1C625A003675F3 = {
						CreatedOnToolsVersion = 6.3.2;
						TestTargetID = 9DF4F88B1B1C625A003675F3;
					};
					9DF4F8B51B1C631B003675F3 = {
						CreatedOnToolsVersion = 6.3.2;
					};
					9DF4F8CD1B1C631C003675F3 = {
						CreatedOnToolsVersion = 6.3.2;
						TestTargetID = 9DF4F8B51B1C631B003675F3;
					};
				};
			};
			buildConfigurationList = 9DF4F8301B1C607E003675F3 /* Build configuration list for PBXProject "iOS开发体验" */;
			compatibilityVersion = "Xcode 3.2";
			developmentRegion = English;
			hasScannedForEncodings = 0;
			knownRegions = (
				en,
				Base,
			);
			mainGroup = 9DF4F82C1B1C607E003675F3;
			productRefGroup = 9DF4F8361B1C607E003675F3 /* Products */;
			projectDirPath = "";
			projectRoot = "";
			targets = (
				9DF4F8341B1C607E003675F3 /* iOS开发体验 */,
				9DF4F84D1B1C607E003675F3 /* iOS开发体验Tests */,
				9DF4F8611B1C610B003675F3 /* 显示提醒 */,
				9DF4F8791B1C610B003675F3 /* 显示提醒Tests */,
				9DF4F88B1B1C625A003675F3 /* 打电话发短信 */,
				9DF4F8A31B1C625A003675F3 /* 打电话发短信Tests */,
				9DF4F8B51B1C631B003675F3 /* 全景看车 */,
				9DF4F8CD1B1C631C003675F3 /* 全景看车Tests */,
			);
		};
/* End PBXProject section */

/* Begin PBXResourcesBuildPhase section */
		9DF4F8331B1C607E003675F3 /* Resources */ = {
			isa = PBXResourcesBuildPhase;
			buildActionMask = 2147483647;
			files = (
				9DF4F8441B1C607E003675F3 /* Main.storyboard in Resources */,
				9DF4F8491B1C607E003675F3 /* LaunchScreen.xib in Resources */,
				9DF4F8461B1C607E003675F3 /* Images.xcassets in Resources */,
			);
			runOnlyForDeploymentPostprocessing = 0;
		};
		9DF4F84C1B1C607E003675F3 /* Resources */ = {
			isa = PBXResourcesBuildPhase;
			buildActionMask = 2147483647;
			files = (
			);
			runOnlyForDeploymentPostprocessing = 0;
		};
		9DF4F8601B1C610B003675F3 /* Resources */ = {
			isa = PBXResourcesBuildPhase;
			buildActionMask = 2147483647;
			files = (
				9DF4F8701B1C610B003675F3 /* Main.storyboard in Resources */,
				9DF4F8751B1C610B003675F3 /* LaunchScreen.xib in Resources */,
				9DF4F8721B1C610B003675F3 /* Images.xcassets in Resources */,
			);
			runOnlyForDeploymentPostprocessing = 0;
		};
		9DF4F8781B1C610B003675F3 /* Resources */ = {
			isa = PBXResourcesBuildPhase;
			buildActionMask = 2147483647;
			files = (
			);
			runOnlyForDeploymentPostprocessing = 0;
		};
		9DF4F88A1B1C625A003675F3 /* Resources */ = {
			isa = PBXResourcesBuildPhase;
			buildActionMask = 2147483647;
			files = (
				9DF4F89A1B1C625A003675F3 /* Main.storyboard in Resources */,
				9DF4F89F1B1C625A003675F3 /* LaunchScreen.xib in Resources */,
				9DF4F89C1B1C625A003675F3 /* Images.xcassets in Resources */,
			);
			runOnlyForDeploymentPostprocessing = 0;
		};
		9DF4F8A21B1C625A003675F3 /* Resources */ = {
			isa = PBXResourcesBuildPhase;
			buildActionMask = 2147483647;
			files = (
			);
			runOnlyForDeploymentPostprocessing = 0;
		};
		9DF4F8B41B1C631B003675F3 /* Resources */ = {
			isa = PBXResourcesBuildPhase;
			buildActionMask = 2147483647;
			files = (
				9DF4F8C41B1C631C003675F3 /* Main.storyboard in Resources */,
				9DF4F8C91B1C631C003675F3 /* LaunchScreen.xib in Resources */,
				9DF4F8C61B1C631C003675F3 /* Images.xcassets in Resources */,
			);
			runOnlyForDeploymentPostprocessing = 0;
		};
		9DF4F8CC1B1C631C003675F3 /* Resources */ = {
			isa = PBXResourcesBuildPhase;
			buildActionMask = 2147483647;
			files = (
			);
			runOnlyForDeploymentPostprocessing = 0;
		};
/* End PBXResourcesBuildPhase section */

/* Begin PBXSourcesBuildPhase section */
		9DF4F8311B1C607E003675F3 /* Sources */ = {
			isa = PBXSourcesBuildPhase;
			buildActionMask = 2147483647;
			files = (
				9DF4F8411B1C607E003675F3 /* ViewController.m in Sources */,
				9DF4F83E1B1C607E003675F3 /* AppDelegate.m in Sources */,
				9DF4F83B1B1C607E003675F3 /* main.m in Sources */,
			);
			runOnlyForDeploymentPostprocessing = 0;
		};
		9DF4F84A1B1C607E003675F3 /* Sources */ = {
			isa = PBXSourcesBuildPhase;
			buildActionMask = 2147483647;
			files = (
				9DF4F8551B1C607E003675F3 /* iOS____Tests.m in Sources */,
			);
			runOnlyForDeploymentPostprocessing = 0;
		};
		9DF4F85E1B1C610B003675F3 /* Sources */ = {
			isa = PBXSourcesBuildPhase;
			buildActionMask = 2147483647;
			files = (
				9DF4F86D1B1C610B003675F3 /* ViewController.m in Sources */,
				9DF4F86A1B1C610B003675F3 /* AppDelegate.m in Sources */,
				9DF4F8671B1C610B003675F3 /* main.m in Sources */,
			);
			runOnlyForDeploymentPostprocessing = 0;
		};
		9DF4F8761B1C610B003675F3 /* Sources */ = {
			isa = PBXSourcesBuildPhase;
			buildActionMask = 2147483647;
			files = (
				9DF4F8811B1C610C003675F3 /* ____Tests.m in Sources */,
			);
			runOnlyForDeploymentPostprocessing = 0;
		};
		9DF4F8881B1C625A003675F3 /* Sources */ = {
			isa = PBXSourcesBuildPhase;
			buildActionMask = 2147483647;
			files = (
				9DF4F8971B1C625A003675F3 /* ViewController.m in Sources */,
				9DF4F8941B1C625A003675F3 /* AppDelegate.m in Sources */,
				9DF4F8911B1C625A003675F3 /* main.m in Sources */,
			);
			runOnlyForDeploymentPostprocessing = 0;
		};
		9DF4F8A01B1C625A003675F3 /* Sources */ = {
			isa = PBXSourcesBuildPhase;
			buildActionMask = 2147483647;
			files = (
				9DF4F8AB1B1C625A003675F3 /* ______Tests.m in Sources */,
			);
			runOnlyForDeploymentPostprocessing = 0;
		};
		9DF4F8B21B1C631B003675F3 /* Sources */ = {
			isa = PBXSourcesBuildPhase;
			buildActionMask = 2147483647;
			files = (
				9DF4F8C11B1C631C003675F3 /* ViewController.m in Sources */,
				9DF4F8BE1B1C631C003675F3 /* AppDelegate.m in Sources */,
				9DF4F8BB1B1C631C003675F3 /* main.m in Sources */,
			);
			runOnlyForDeploymentPostprocessing = 0;
		};
		9DF4F8CA1B1C631C003675F3 /* Sources */ = {
			isa = PBXSourcesBuildPhase;
			buildActionMask = 2147483647;
			files = (
				9DF4F8D51B1C631C003675F3 /* ____Tests.m in Sources */,
			);
			runOnlyForDeploymentPostprocessing = 0;
		};
/* End PBXSourcesBuildPhase section */

/* Begin PBXTargetDependency section */
		9DF4F8501B1C607E003675F3 /* PBXTargetDependency */ = {
			isa = PBXTargetDependency;
			target = 9DF4F8341B1C607E003675F3 /* iOS开发体验 */;
			targetProxy = 9DF4F84F1B1C607E003675F3 /* PBXContainerItemProxy */;
		};
		9DF4F87C1B1C610C003675F3 /* PBXTargetDependency */ = {
			isa = PBXTargetDependency;
			target = 9DF4F8611B1C610B003675F3 /* 显示提醒 */;
			targetProxy = 9DF4F87B1B1C610C003675F3 /* PBXContainerItemProxy */;
		};
		9DF4F8A61B1C625A003675F3 /* PBXTargetDependency */ = {
			isa = PBXTargetDependency;
			target = 9DF4F88B1B1C625A003675F3 /* 打电话发短信 */;
			targetProxy = 9DF4F8A51B1C625A003675F3 /* PBXContainerItemProxy */;
		};
		9DF4F8D01B1C631C003675F3 /* PBXTargetDependency */ = {
			isa = PBXTargetDependency;
			target = 9DF4F8B51B1C631B003675F3 /* 全景看车 */;
			targetProxy = 9DF4F8CF1B1C631C003675F3 /* PBXContainerItemProxy */;
		};
/* End PBXTargetDependency section */

/* Begin PBXVariantGroup section */
		9DF4F8421B1C607E003675F3 /* Main.storyboard */ = {
			isa = PBXVariantGroup;
			children = (
				9DF4F8431B1C607E003675F3 /* Base */,
			);
			name = Main.storyboard;
			sourceTree = "<group>";
		};
		9DF4F8471B1C607E003675F3 /* LaunchScreen.xib */ = {
			isa = PBXVariantGroup;
			children = (
				9DF4F8481B1C607E003675F3 /* Base */,
			);
			name = LaunchScreen.xib;
			sourceTree = "<group>";
		};
		9DF4F86E1B1C610B003675F3 /* Main.storyboard */ = {
			isa = PBXVariantGroup;
			children = (
				9DF4F86F1B1C610B003675F3 /* Base */,
			);
			name = Main.storyboard;
			sourceTree = "<group>";
		};
		9DF4F8731B1C610B003675F3 /* LaunchScreen.xib */ = {
			isa = PBXVariantGroup;
			children = (
				9DF4F8741B1C610B003675F3 /* Base */,
			);
			name = LaunchScreen.xib;
			sourceTree = "<group>";
		};
		9DF4F8981B1C625A003675F3 /* Main.storyboard */ = {
			isa = PBXVariantGroup;
			children = (
				9DF4F8991B1C625A003675F3 /* Base */,
			);
			name = Main.storyboard;
			sourceTree = "<group>";
		};
		9DF4F89D1B1C625A003675F3 /* LaunchScreen.xib */ = {
			isa = PBXVariantGroup;
			children = (
				9DF4F89E1B1C625A003675F3 /* Base */,
			);
			name = LaunchScreen.xib;
			sourceTree = "<group>";
		};
		9DF4F8C21B1C631C003675F3 /* Main.storyboard */ = {
			isa = PBXVariantGroup;
			children = (
				9DF4F8C31B1C631C003675F3 /* Base */,
			);
			name = Main.storyboard;
			sourceTree = "<group>";
		};
		9DF4F8C71B1C631C003675F3 /* LaunchScreen.xib */ = {
			isa = PBXVariantGroup;
			children = (
				9DF4F8C81B1C631C003675F3 /* Base */,
			);
			name = LaunchScreen.xib;
			sourceTree = "<group>";
		};
/* End PBXVariantGroup section */

/* Begin XCBuildConfiguration section */
		9DF4F8561B1C607E003675F3 /* Debug */ = {
			isa = XCBuildConfiguration;
			buildSettings = {
				ALWAYS_SEARCH_USER_PATHS = NO;
				CLANG_CXX_LANGUAGE_STANDARD = "gnu++0x";
				CLANG_CXX_LIBRARY = "libc++";
				CLANG_ENABLE_MODULES = YES;
				CLANG_ENABLE_OBJC_ARC = YES;
				CLANG_WARN_BOOL_CONVERSION = YES;
				CLANG_WARN_CONSTANT_CONVERSION = YES;
				CLANG_WARN_DIRECT_OBJC_ISA_USAGE = YES_ERROR;
				CLANG_WARN_EMPTY_BODY = YES;
				CLANG_WARN_ENUM_CONVERSION = YES;
				CLANG_WARN_INT_CONVERSION = YES;
				CLANG_WARN_OBJC_ROOT_CLASS = YES_ERROR;
				CLANG_WARN_UNREACHABLE_CODE = YES;
				CLANG_WARN__DUPLICATE_METHOD_MATCH = YES;
				"CODE_SIGN_IDENTITY[sdk=iphoneos*]" = "iPhone Developer";
				COPY_PHASE_STRIP = NO;
				DEBUG_INFORMATION_FORMAT = "dwarf-with-dsym";
				ENABLE_STRICT_OBJC_MSGSEND = YES;
				GCC_C_LANGUAGE_STANDARD = gnu99;
				GCC_DYNAMIC_NO_PIC = NO;
				GCC_NO_COMMON_BLOCKS = YES;
				GCC_OPTIMIZATION_LEVEL = 0;
				GCC_PREPROCESSOR_DEFINITIONS = (
					"DEBUG=1",
					"$(inherited)",
				);
				GCC_SYMBOLS_PRIVATE_EXTERN = NO;
				GCC_WARN_64_TO_32_BIT_CONVERSION = YES;
				GCC_WARN_ABOUT_RETURN_TYPE = YES_ERROR;
				GCC_WARN_UNDECLARED_SELECTOR = YES;
				GCC_WARN_UNINITIALIZED_AUTOS = YES_AGGRESSIVE;
				GCC_WARN_UNUSED_FUNCTION = YES;
				GCC_WARN_UNUSED_VARIABLE = YES;
				IPHONEOS_DEPLOYMENT_TARGET = 8.3;
				MTL_ENABLE_DEBUG_INFO = YES;
				ONLY_ACTIVE_ARCH = YES;
				SDKROOT = iphoneos;
			};
			name = Debug;
		};
		9DF4F8571B1C607E003675F3 /* Release */ = {
			isa = XCBuildConfiguration;
			buildSettings = {
				ALWAYS_SEARCH_USER_PATHS = NO;
				CLANG_CXX_LANGUAGE_STANDARD = "gnu++0x";
				CLANG_CXX_LIBRARY = "libc++";
				CLANG_ENABLE_MODULES = YES;
				CLANG_ENABLE_OBJC_ARC = YES;
				CLANG_WARN_BOOL_CONVERSION = YES;
				CLANG_WARN_CONSTANT_CONVERSION = YES;
				CLANG_WARN_DIRECT_OBJC_ISA_USAGE = YES_ERROR;
				CLANG_WARN_EMPTY_BODY = YES;
				CLANG_WARN_ENUM_CONVERSION = YES;
				CLANG_WARN_INT_CONVERSION = YES;
				CLANG_WARN_OBJC_ROOT_CLASS = YES_ERROR;
				CLANG_WARN_UNREACHABLE_CODE = YES;
				CLANG_WARN__DUPLICATE_METHOD_MATCH = YES;
				"CODE_SIGN_IDENTITY[sdk=iphoneos*]" = "iPhone Developer";
				COPY_PHASE_STRIP = NO;
				DEBUG_INFORMATION_FORMAT = "dwarf-with-dsym";
				ENABLE_NS_ASSERTIONS = NO;
				ENABLE_STRICT_OBJC_MSGSEND = YES;
				GCC_C_LANGUAGE_STANDARD = gnu99;
				GCC_NO_COMMON_BLOCKS = YES;
				GCC_WARN_64_TO_32_BIT_CONVERSION = YES;
				GCC_WARN_ABOUT_RETURN_TYPE = YES_ERROR;
				GCC_WARN_UNDECLARED_SELECTOR = YES;
				GCC_WARN_UNINITIALIZED_AUTOS = YES_AGGRESSIVE;
				GCC_WARN_UNUSED_FUNCTION = YES;
				GCC_WARN_UNUSED_VARIABLE = YES;
				IPHONEOS_DEPLOYMENT_TARGET = 8.3;
				MTL_ENABLE_DEBUG_INFO = NO;
				SDKROOT = iphoneos;
				VALIDATE_PRODUCT = YES;
			};
			name = Release;
		};
		9DF4F8591B1C607E003675F3 /* Debug */ = {
			isa = XCBuildConfiguration;
			buildSettings = {
				ASSETCATALOG_COMPILER_APPICON_NAME = AppIcon;
				INFOPLIST_FILE = "iOS开发体验/Info.plist";
				LD_RUNPATH_SEARCH_PATHS = "$(inherited) @executable_path/Frameworks";
				PRODUCT_NAME = "$(TARGET_NAME)";
			};
			name = Debug;
		};
		9DF4F85A1B1C607E003675F3 /* Release */ = {
			isa = XCBuildConfiguration;
			buildSettings = {
				ASSETCATALOG_COMPILER_APPICON_NAME = AppIcon;
				INFOPLIST_FILE = "iOS开发体验/Info.plist";
				LD_RUNPATH_SEARCH_PATHS = "$(inherited) @executable_path/Frameworks";
				PRODUCT_NAME = "$(TARGET_NAME)";
			};
			name = Release;
		};
		9DF4F85C1B1C607E003675F3 /* Debug */ = {
			isa = XCBuildConfiguration;
			buildSettings = {
				BUNDLE_LOADER = "$(TEST_HOST)";
				FRAMEWORK_SEARCH_PATHS = (
					"$(SDKROOT)/Developer/Library/Frameworks",
					"$(inherited)",
				);
				GCC_PREPROCESSOR_DEFINITIONS = (
					"DEBUG=1",
					"$(inherited)",
				);
				INFOPLIST_FILE = "iOS开发体验Tests/Info.plist";
				LD_RUNPATH_SEARCH_PATHS = "$(inherited) @executable_path/Frameworks @loader_path/Frameworks";
				PRODUCT_NAME = "$(TARGET_NAME)";
				TEST_HOST = "$(BUILT_PRODUCTS_DIR)/iOS开发体验.app/iOS开发体验";
			};
			name = Debug;
		};
		9DF4F85D1B1C607E003675F3 /* Release */ = {
			isa = XCBuildConfiguration;
			buildSettings = {
				BUNDLE_LOADER = "$(TEST_HOST)";
				FRAMEWORK_SEARCH_PATHS = (
					"$(SDKROOT)/Developer/Library/Frameworks",
					"$(inherited)",
				);
				INFOPLIST_FILE = "iOS开发体验Tests/Info.plist";
				LD_RUNPATH_SEARCH_PATHS = "$(inherited) @executable_path/Frameworks @loader_path/Frameworks";
				PRODUCT_NAME = "$(TARGET_NAME)";
				TEST_HOST = "$(BUILT_PRODUCTS_DIR)/iOS开发体验.app/iOS开发体验";
			};
			name = Release;
		};
		9DF4F8831B1C610C003675F3 /* Debug */ = {
			isa = XCBuildConfiguration;
			buildSettings = {
				ASSETCATALOG_COMPILER_APPICON_NAME = AppIcon;
				GCC_PREPROCESSOR_DEFINITIONS = (
					"DEBUG=1",
					"$(inherited)",
				);
				INFOPLIST_FILE = "显示提醒/Info.plist";
				LD_RUNPATH_SEARCH_PATHS = "$(inherited) @executable_path/Frameworks";
				PRODUCT_NAME = "$(TARGET_NAME)";
			};
			name = Debug;
		};
		9DF4F8841B1C610C003675F3 /* Release */ = {
			isa = XCBuildConfiguration;
			buildSettings = {
				ASSETCATALOG_COMPILER_APPICON_NAME = AppIcon;
				INFOPLIST_FILE = "显示提醒/Info.plist";
				LD_RUNPATH_SEARCH_PATHS = "$(inherited) @executable_path/Frameworks";
				PRODUCT_NAME = "$(TARGET_NAME)";
			};
			name = Release;
		};
		9DF4F8861B1C610C003675F3 /* Debug */ = {
			isa = XCBuildConfiguration;
			buildSettings = {
				BUNDLE_LOADER = "$(TEST_HOST)";
				FRAMEWORK_SEARCH_PATHS = (
					"$(SDKROOT)/Developer/Library/Frameworks",
					"$(inherited)",
				);
				GCC_PREPROCESSOR_DEFINITIONS = (
					"DEBUG=1",
					"$(inherited)",
				);
				INFOPLIST_FILE = "显示提醒Tests/Info.plist";
				LD_RUNPATH_SEARCH_PATHS = "$(inherited) @executable_path/Frameworks @loader_path/Frameworks";
				PRODUCT_NAME = "$(TARGET_NAME)";
				TEST_HOST = "$(BUILT_PRODUCTS_DIR)/显示提醒.app/显示提醒";
			};
			name = Debug;
		};
		9DF4F8871B1C610C003675F3 /* Release */ = {
			isa = XCBuildConfiguration;
			buildSettings = {
				BUNDLE_LOADER = "$(TEST_HOST)";
				FRAMEWORK_SEARCH_PATHS = (
					"$(SDKROOT)/Developer/Library/Frameworks",
					"$(inherited)",
				);
				INFOPLIST_FILE = "显示提醒Tests/Info.plist";
				LD_RUNPATH_SEARCH_PATHS = "$(inherited) @executable_path/Frameworks @loader_path/Frameworks";
				PRODUCT_NAME = "$(TARGET_NAME)";
				TEST_HOST = "$(BUILT_PRODUCTS_DIR)/显示提醒.app/显示提醒";
			};
			name = Release;
		};
		9DF4F8AD1B1C625A003675F3 /* Debug */ = {
			isa = XCBuildConfiguration;
			buildSettings = {
				ASSETCATALOG_COMPILER_APPICON_NAME = AppIcon;
				GCC_PREPROCESSOR_DEFINITIONS = (
					"DEBUG=1",
					"$(inherited)",
				);
				INFOPLIST_FILE = "打电话发短信/Info.plist";
				LD_RUNPATH_SEARCH_PATHS = "$(inherited) @executable_path/Frameworks";
				PRODUCT_NAME = "$(TARGET_NAME)";
			};
			name = Debug;
		};
		9DF4F8AE1B1C625A003675F3 /* Release */ = {
			isa = XCBuildConfiguration;
			buildSettings = {
				ASSETCATALOG_COMPILER_APPICON_NAME = AppIcon;
				INFOPLIST_FILE = "打电话发短信/Info.plist";
				LD_RUNPATH_SEARCH_PATHS = "$(inherited) @executable_path/Frameworks";
				PRODUCT_NAME = "$(TARGET_NAME)";
			};
			name = Release;
		};
		9DF4F8B01B1C625A003675F3 /* Debug */ = {
			isa = XCBuildConfiguration;
			buildSettings = {
				BUNDLE_LOADER = "$(TEST_HOST)";
				FRAMEWORK_SEARCH_PATHS = (
					"$(SDKROOT)/Developer/Library/Frameworks",
					"$(inherited)",
				);
				GCC_PREPROCESSOR_DEFINITIONS = (
					"DEBUG=1",
					"$(inherited)",
				);
				INFOPLIST_FILE = "打电话发短信Tests/Info.plist";
				LD_RUNPATH_SEARCH_PATHS = "$(inherited) @executable_path/Frameworks @loader_path/Frameworks";
				PRODUCT_NAME = "$(TARGET_NAME)";
				TEST_HOST = "$(BUILT_PRODUCTS_DIR)/打电话发短信.app/打电话发短信";
			};
			name = Debug;
		};
		9DF4F8B11B1C625A003675F3 /* Release */ = {
			isa = XCBuildConfiguration;
			buildSettings = {
				BUNDLE_LOADER = "$(TEST_HOST)";
				FRAMEWORK_SEARCH_PATHS = (
					"$(SDKROOT)/Developer/Library/Frameworks",
					"$(inherited)",
				);
				INFOPLIST_FILE = "打电话发短信Tests/Info.plist";
				LD_RUNPATH_SEARCH_PATHS = "$(inherited) @executable_path/Frameworks @loader_path/Frameworks";
				PRODUCT_NAME = "$(TARGET_NAME)";
				TEST_HOST = "$(BUILT_PRODUCTS_DIR)/打电话发短信.app/打电话发短信";
			};
			name = Release;
		};
		9DF4F8D71B1C631C003675F3 /* Debug */ = {
			isa = XCBuildConfiguration;
			buildSettings = {
				ASSETCATALOG_COMPILER_APPICON_NAME = AppIcon;
				GCC_PREPROCESSOR_DEFINITIONS = (
					"DEBUG=1",
					"$(inherited)",
				);
				INFOPLIST_FILE = "全景看车/Info.plist";
				LD_RUNPATH_SEARCH_PATHS = "$(inherited) @executable_path/Frameworks";
				PRODUCT_NAME = "$(TARGET_NAME)";
			};
			name = Debug;
		};
		9DF4F8D81B1C631C003675F3 /* Release */ = {
			isa = XCBuildConfiguration;
			buildSettings = {
				ASSETCATALOG_COMPILER_APPICON_NAME = AppIcon;
				INFOPLIST_FILE = "全景看车/Info.plist";
				LD_RUNPATH_SEARCH_PATHS = "$(inherited) @executable_path/Frameworks";
				PRODUCT_NAME = "$(TARGET_NAME)";
			};
			name = Release;
		};
		9DF4F8DA1B1C631C003675F3 /* Debug */ = {
			isa = XCBuildConfiguration;
			buildSettings = {
				BUNDLE_LOADER = "$(TEST_HOST)";
				FRAMEWORK_SEARCH_PATHS = (
					"$(SDKROOT)/Developer/Library/Frameworks",
					"$(inherited)",
				);
				GCC_PREPROCESSOR_DEFINITIONS = (
					"DEBUG=1",
					"$(inherited)",
				);
				INFOPLIST_FILE = "全景看车Tests/Info.plist";
				LD_RUNPATH_SEARCH_PATHS = "$(inherited) @executable_path/Frameworks @loader_path/Frameworks";
				PRODUCT_NAME = "$(TARGET_NAME)";
				TEST_HOST = "$(BUILT_PRODUCTS_DIR)/全景看车.app/全景看车";
			};
			name = Debug;
		};
		9DF4F8DB1B1C631C003675F3 /* Release */ = {
			isa = XCBuildConfiguration;
			buildSettings = {
				BUNDLE_LOADER = "$(TEST_HOST)";
				FRAMEWORK_SEARCH_PATHS = (
					"$(SDKROOT)/Developer/Library/Frameworks",
					"$(inherited)",
				);
				INFOPLIST_FILE = "全景看车Tests/Info.plist";
				LD_RUNPATH_SEARCH_PATHS = "$(inherited) @executable_path/Frameworks @loader_path/Frameworks";
				PRODUCT_NAME = "$(TARGET_NAME)";
				TEST_HOST = "$(BUILT_PRODUCTS_DIR)/全景看车.app/全景看车";
			};
			name = Release;
		};
/* End XCBuildConfiguration section */

/* Begin XCConfigurationList section */
		9DF4F8301B1C607E003675F3 /* Build configuration list for PBXProject "iOS开发体验" */ = {
			isa = XCConfigurationList;
			buildConfigurations = (
				9DF4F8561B1C607E003675F3 /* Debug */,
				9DF4F8571B1C607E003675F3 /* Release */,
			);
			defaultConfigurationIsVisible = 0;
			defaultConfigurationName = Release;
		};
		9DF4F8581B1C607E003675F3 /* Build configuration list for PBXNativeTarget "iOS开发体验" */ = {
			isa = XCConfigurationList;
			buildConfigurations = (
				9DF4F8591B1C607E003675F3 /* Debug */,
				9DF4F85A1B1C607E003675F3 /* Release */,
			);
			defaultConfigurationIsVisible = 0;
			defaultConfigurationName = Release;
		};
		9DF4F85B1B1C607E003675F3 /* Build configuration list for PBXNativeTarget "iOS开发体验Tests" */ = {
			isa = XCConfigurationList;
			buildConfigurations = (
				9DF4F85C1B1C607E003675F3 /* Debug */,
				9DF4F85D1B1C607E003675F3 /* Release */,
			);
			defaultConfigurationIsVisible = 0;
			defaultConfigurationName = Release;
		};
		9DF4F8821B1C610C003675F3 /* Build configuration list for PBXNativeTarget "显示提醒" */ = {
			isa = XCConfigurationList;
			buildConfigurations = (
				9DF4F8831B1C610C003675F3 /* Debug */,
				9DF4F8841B1C610C003675F3 /* Release */,
			);
			defaultConfigurationIsVisible = 0;
			defaultConfigurationName = Release;
		};
		9DF4F8851B1C610C003675F3 /* Build configuration list for PBXNativeTarget "显示提醒Tests" */ = {
			isa = XCConfigurationList;
			buildConfigurations = (
				9DF4F8861B1C610C003675F3 /* Debug */,
				9DF4F8871B1C610C003675F3 /* Release */,
			);
			defaultConfigurationIsVisible = 0;
			defaultConfigurationName = Release;
		};
		9DF4F8AC1B1C625A003675F3 /* Build configuration list for PBXNativeTarget "打电话发短信" */ = {
			isa = XCConfigurationList;
			buildConfigurations = (
				9DF4F8AD1B1C625A003675F3 /* Debug */,
				9DF4F8AE1B1C625A003675F3 /* Release */,
			);
			defaultConfigurationIsVisible = 0;
			defaultConfigurationName = Release;
		};
		9DF4F8AF1B1C625A003675F3 /* Build configuration list for PBXNativeTarget "打电话发短信Tests" */ = {
			isa = XCConfigurationList;
			buildConfigurations = (
				9DF4F8B01B1C625A003675F3 /* Debug */,
				9DF4F8B11B1C625A003675F3 /* Release */,
			);
			defaultConfigurationIsVisible = 0;
			defaultConfigurationName = Release;
		};
		9DF4F8D61B1C631C003675F3 /* Build configuration list for PBXNativeTarget "全景看车" */ = {
			isa = XCConfigurationList;
			buildConfigurations = (
				9DF4F8D71B1C631C003675F3 /* Debug */,
				9DF4F8D81B1C631C003675F3 /* Release */,
			);
			defaultConfigurationIsVisible = 0;
			defaultConfigurationName = Release;
		};
		9DF4F8D91B1C631C003675F3 /* Build configuration list for PBXNativeTarget "全景看车Tests" */ = {
			isa = XCConfigurationList;
			buildConfigurations = (
				9DF4F8DA1B1C631C003675F3 /* Debug */,
				9DF4F8DB1B1C631C003675F3 /* Release */,
			);
			defaultConfigurationIsVisible = 0;
			defaultConfigurationName = Release;
		};
/* End XCConfigurationList section */
	};
	rootObject = 9DF4F82D1B1C607E003675F3 /* Project object */;
}
